// !$*UTF8*$!
{
	archiveVersion = 1;
	classes = {
	};
	objectVersion = 46;
	objects = {

/* Begin PBXBuildFile section */
		9D303CCB1CB9E53600AD34AD /* AutoEmojified.swift in Sources */ = {isa = PBXBuildFile; fileRef = 9D303CC61CB9E53600AD34AD /* AutoEmojified.swift */; };
		9D303CCC1CB9E53600AD34AD /* Emojis.swift in Sources */ = {isa = PBXBuildFile; fileRef = 9D303CC71CB9E53600AD34AD /* Emojis.swift */; };
		9D303CCD1CB9E53600AD34AD /* Typeahead.swift in Sources */ = {isa = PBXBuildFile; fileRef = 9D303CC81CB9E53600AD34AD /* Typeahead.swift */; };
		9D303CCE1CB9E53600AD34AD /* Emojified.swift in Sources */ = {isa = PBXBuildFile; fileRef = 9D303CC91CB9E53600AD34AD /* Emojified.swift */; };
		9D303CCF1CB9E53600AD34AD /* Extensions.swift in Sources */ = {isa = PBXBuildFile; fileRef = 9D303CCA1CB9E53600AD34AD /* Extensions.swift */; };
		9DA9AB141CB76B170069E15F /* AppDelegate.swift in Sources */ = {isa = PBXBuildFile; fileRef = 9DA9AB131CB76B170069E15F /* AppDelegate.swift */; };
		9DA9AB161CB76B170069E15F /* ViewController.swift in Sources */ = {isa = PBXBuildFile; fileRef = 9DA9AB151CB76B170069E15F /* ViewController.swift */; };
		9DA9AB191CB76B170069E15F /* Main.storyboard in Resources */ = {isa = PBXBuildFile; fileRef = 9DA9AB171CB76B170069E15F /* Main.storyboard */; };
		9DA9AB1B1CB76B170069E15F /* Assets.xcassets in Resources */ = {isa = PBXBuildFile; fileRef = 9DA9AB1A1CB76B170069E15F /* Assets.xcassets */; };
		9DA9AB1E1CB76B170069E15F /* LaunchScreen.storyboard in Resources */ = {isa = PBXBuildFile; fileRef = 9DA9AB1C1CB76B170069E15F /* LaunchScreen.storyboard */; };
		9DA9AB291CB76D1C0069E15F /* emoji_words.json in Resources */ = {isa = PBXBuildFile; fileRef = 9DA9AB271CB76D1C0069E15F /* emoji_words.json */; };
/* End PBXBuildFile section */

/* Begin PBXFileReference section */
		9D303CC61CB9E53600AD34AD /* AutoEmojified.swift */ = {isa = PBXFileReference; fileEncoding = 4; lastKnownFileType = sourcecode.swift; name = AutoEmojified.swift; path = Source/AutoEmojified.swift; sourceTree = "<group>"; };
		9D303CC71CB9E53600AD34AD /* Emojis.swift */ = {isa = PBXFileReference; fileEncoding = 4; lastKnownFileType = sourcecode.swift; name = Emojis.swift; path = Source/Emojis.swift; sourceTree = "<group>"; };
		9D303CC81CB9E53600AD34AD /* Typeahead.swift */ = {isa = PBXFileReference; fileEncoding = 4; lastKnownFileType = sourcecode.swift; name = Typeahead.swift; path = Source/Typeahead.swift; sourceTree = "<group>"; };
		9D303CC91CB9E53600AD34AD /* Emojified.swift */ = {isa = PBXFileReference; fileEncoding = 4; lastKnownFileType = sourcecode.swift; name = Emojified.swift; path = Source/Emojified.swift; sourceTree = "<group>"; };
		9D303CCA1CB9E53600AD34AD /* Extensions.swift */ = {isa = PBXFileReference; fileEncoding = 4; lastKnownFileType = sourcecode.swift; name = Extensions.swift; path = Source/Extensions.swift; sourceTree = "<group>"; };
		9DA9AB101CB76B170069E15F /* Emojify.app */ = {isa = PBXFileReference; explicitFileType = wrapper.application; includeInIndex = 0; path = Emojify.app; sourceTree = BUILT_PRODUCTS_DIR; };
		9DA9AB131CB76B170069E15F /* AppDelegate.swift */ = {isa = PBXFileReference; lastKnownFileType = sourcecode.swift; path = AppDelegate.swift; sourceTree = "<group>"; };
		9DA9AB151CB76B170069E15F /* ViewController.swift */ = {isa = PBXFileReference; lastKnownFileType = sourcecode.swift; path = ViewController.swift; sourceTree = "<group>"; };
		9DA9AB181CB76B170069E15F /* Base */ = {isa = PBXFileReference; lastKnownFileType = file.storyboard; name = Base; path = Base.lproj/Main.storyboard; sourceTree = "<group>"; };
		9DA9AB1A1CB76B170069E15F /* Assets.xcassets */ = {isa = PBXFileReference; lastKnownFileType = folder.assetcatalog; path = Assets.xcassets; sourceTree = "<group>"; };
		9DA9AB1D1CB76B170069E15F /* Base */ = {isa = PBXFileReference; lastKnownFileType = file.storyboard; name = Base; path = Base.lproj/LaunchScreen.storyboard; sourceTree = "<group>"; };
		9DA9AB1F1CB76B170069E15F /* Info.plist */ = {isa = PBXFileReference; lastKnownFileType = text.plist.xml; path = Info.plist; sourceTree = "<group>"; };
		9DA9AB271CB76D1C0069E15F /* emoji_words.json */ = {isa = PBXFileReference; fileEncoding = 4; lastKnownFileType = text.json; path = emoji_words.json; sourceTree = "<group>"; };
/* End PBXFileReference section */

/* Begin PBXFrameworksBuildPhase section */
		9DA9AB0D1CB76B170069E15F /* Frameworks */ = {
			isa = PBXFrameworksBuildPhase;
			buildActionMask = 2147483647;
			files = (
			);
			runOnlyForDeploymentPostprocessing = 0;
		};
/* End PBXFrameworksBuildPhase section */

/* Begin PBXGroup section */
		9DA9AB071CB76B170069E15F = {
			isa = PBXGroup;
			children = (
				9DA9AB121CB76B170069E15F /* Emojify */,
				9DA9AB111CB76B170069E15F /* Products */,
			);
			sourceTree = "<group>";
		};
		9DA9AB111CB76B170069E15F /* Products */ = {
			isa = PBXGroup;
			children = (
				9DA9AB101CB76B170069E15F /* Emojify.app */,
			);
			name = Products;
			sourceTree = "<group>";
		};
		9DA9AB121CB76B170069E15F /* Emojify */ = {
			isa = PBXGroup;
			children = (
				9DA9AB271CB76D1C0069E15F /* emoji_words.json */,
				9DA9AB131CB76B170069E15F /* AppDelegate.swift */,
				9DA9AB151CB76B170069E15F /* ViewController.swift */,
				9D303CC61CB9E53600AD34AD /* AutoEmojified.swift */,
				9D303CC71CB9E53600AD34AD /* Emojis.swift */,
				9D303CC81CB9E53600AD34AD /* Typeahead.swift */,
				9D303CC91CB9E53600AD34AD /* Emojified.swift */,
				9D303CCA1CB9E53600AD34AD /* Extensions.swift */,
				9DA9AB171CB76B170069E15F /* Main.storyboard */,
				9DA9AB1A1CB76B170069E15F /* Assets.xcassets */,
				9DA9AB1C1CB76B170069E15F /* LaunchScreen.storyboard */,
				9DA9AB1F1CB76B170069E15F /* Info.plist */,
			);
			path = Emojify;
			sourceTree = "<group>";
		};
/* End PBXGroup section */

/* Begin PBXNativeTarget section */
		9DA9AB0F1CB76B170069E15F /* Emojify */ = {
			isa = PBXNativeTarget;
			buildConfigurationList = 9DA9AB221CB76B170069E15F /* Build configuration list for PBXNativeTarget "Emojify" */;
			buildPhases = (
				9DA9AB0C1CB76B170069E15F /* Sources */,
				9DA9AB0D1CB76B170069E15F /* Frameworks */,
				9DA9AB0E1CB76B170069E15F /* Resources */,
			);
			buildRules = (
			);
			dependencies = (
			);
			name = Emojify;
			productName = Emojify;
			productReference = 9DA9AB101CB76B170069E15F /* Emojify.app */;
			productType = "com.apple.product-type.application";
		};
/* End PBXNativeTarget section */

/* Begin PBXProject section */
		9DA9AB081CB76B170069E15F /* Project object */ = {
			isa = PBXProject;
			attributes = {
				LastSwiftUpdateCheck = 0720;
				LastUpgradeCheck = 0720;
				ORGANIZATIONNAME = Because;
				TargetAttributes = {
					9DA9AB0F1CB76B170069E15F = {
						CreatedOnToolsVersion = 7.2.1;
					};
				};
			};
			buildConfigurationList = 9DA9AB0B1CB76B170069E15F /* Build configuration list for PBXProject "Emojify" */;
			compatibilityVersion = "Xcode 3.2";
			developmentRegion = English;
			hasScannedForEncodings = 0;
			knownRegions = (
				en,
				Base,
			);
			mainGroup = 9DA9AB071CB76B170069E15F;
			productRefGroup = 9DA9AB111CB76B170069E15F /* Products */;
			projectDirPath = "";
			projectRoot = "";
			targets = (
				9DA9AB0F1CB76B170069E15F /* Emojify */,
			);
		};
/* End PBXProject section */

/* Begin PBXResourcesBuildPhase section */
		9DA9AB0E1CB76B170069E15F /* Resources */ = {
			isa = PBXResourcesBuildPhase;
			buildActionMask = 2147483647;
			files = (
				9DA9AB1E1CB76B170069E15F /* LaunchScreen.storyboard in Resources */,
				9DA9AB1B1CB76B170069E15F /* Assets.xcassets in Resources */,
				9DA9AB291CB76D1C0069E15F /* emoji_words.json in Resources */,
				9DA9AB191CB76B170069E15F /* Main.storyboard in Resources */,
			);
			runOnlyForDeploymentPostprocessing = 0;
		};
/* End PBXResourcesBuildPhase section */

/* Begin PBXSourcesBuildPhase section */
		9DA9AB0C1CB76B170069E15F /* Sources */ = {
			isa = PBXSourcesBuildPhase;
			buildActionMask = 2147483647;
			files = (
				9D303CCC1CB9E53600AD34AD /* Emojis.swift in Sources */,
				9D303CCE1CB9E53600AD34AD /* Emojified.swift in Sources */,
				9DA9AB161CB76B170069E15F /* ViewController.swift in Sources */,
				9D303CCB1CB9E53600AD34AD /* AutoEmojified.swift in Sources */,
				9D303CCD1CB9E53600AD34AD /* Typeahead.swift in Sources */,
				9D303CCF1CB9E53600AD34AD /* Extensions.swift in Sources */,
				9DA9AB141CB76B170069E15F /* AppDelegate.swift in Sources */,
			);
			runOnlyForDeploymentPostprocessing = 0;
		};
/* End PBXSourcesBuildPhase section */

/* Begin PBXVariantGroup section */
		9DA9AB171CB76B170069E15F /* Main.storyboard */ = {
			isa = PBXVariantGroup;
			children = (
				9DA9AB181CB76B170069E15F /* Base */,
			);
			name = Main.storyboard;
			sourceTree = "<group>";
		};
		9DA9AB1C1CB76B170069E15F /* LaunchScreen.storyboard */ = {
			isa = PBXVariantGroup;
			children = (
				9DA9AB1D1CB76B170069E15F /* Base */,
			);
			name = LaunchScreen.storyboard;
			sourceTree = "<group>";
		};
/* End PBXVariantGroup section */

/* Begin XCBuildConfiguration section */
		9DA9AB201CB76B170069E15F /* Debug */ = {
			isa = XCBuildConfiguration;
			buildSettings = {
				ALWAYS_SEARCH_USER_PATHS = NO;
				CLANG_CXX_LANGUAGE_STANDARD = "gnu++0x";
				CLANG_CXX_LIBRARY = "libc++";
				CLANG_ENABLE_MODULES = YES;
				CLANG_ENABLE_OBJC_ARC = YES;
				CLANG_WARN_BOOL_CONVERSION = YES;
				CLANG_WARN_CONSTANT_CONVERSION = YES;
				CLANG_WARN_DIRECT_OBJC_ISA_USAGE = YES_ERROR;
				CLANG_WARN_EMPTY_BODY = YES;
				CLANG_WARN_ENUM_CONVERSION = YES;
				CLANG_WARN_INT_CONVERSION = YES;
				CLANG_WARN_OBJC_ROOT_CLASS = YES_ERROR;
				CLANG_WARN_UNREACHABLE_CODE = YES;
				CLANG_WARN__DUPLICATE_METHOD_MATCH = YES;
				"CODE_SIGN_IDENTITY[sdk=iphoneos*]" = "iPhone Developer";
				COPY_PHASE_STRIP = NO;
				DEBUG_INFORMATION_FORMAT = dwarf;
				ENABLE_STRICT_OBJC_MSGSEND = YES;
				ENABLE_TESTABILITY = YES;
				GCC_C_LANGUAGE_STANDARD = gnu99;
				GCC_DYNAMIC_NO_PIC = NO;
				GCC_NO_COMMON_BLOCKS = YES;
				GCC_OPTIMIZATION_LEVEL = 0;
				GCC_PREPROCESSOR_DEFINITIONS = (
					"DEBUG=1",
					"$(inherited)",
				);
				GCC_WARN_64_TO_32_BIT_CONVERSION = YES;
				GCC_WARN_ABOUT_RETURN_TYPE = YES_ERROR;
				GCC_WARN_UNDECLARED_SELECTOR = YES;
				GCC_WARN_UNINITIALIZED_AUTOS = YES_AGGRESSIVE;
				GCC_WARN_UNUSED_FUNCTION = YES;
				GCC_WARN_UNUSED_VARIABLE = YES;
				IPHONEOS_DEPLOYMENT_TARGET = 8.0;
				MTL_ENABLE_DEBUG_INFO = YES;
				ONLY_ACTIVE_ARCH = YES;
				SDKROOT = iphoneos;
				SWIFT_OPTIMIZATION_LEVEL = "-Onone";
			};
			name = Debug;
		};
		9DA9AB211CB76B170069E15F /* Release */ = {
			isa = XCBuildConfiguration;
			buildSettings = {
				ALWAYS_SEARCH_USER_PATHS = NO;
				CLANG_CXX_LANGUAGE_STANDARD = "gnu++0x";
				CLANG_CXX_LIBRARY = "libc++";
				CLANG_ENABLE_MODULES = YES;
				CLANG_ENABLE_OBJC_ARC = YES;
				CLANG_WARN_BOOL_CONVERSION = YES;
				CLANG_WARN_CONSTANT_CONVERSION = YES;
				CLANG_WARN_DIRECT_OBJC_ISA_USAGE = YES_ERROR;
				CLANG_WARN_EMPTY_BODY = YES;
				CLANG_WARN_ENUM_CONVERSION = YES;
				CLANG_WARN_INT_CONVERSION = YES;
				CLANG_WARN_OBJC_ROOT_CLASS = YES_ERROR;
				CLANG_WARN_UNREACHABLE_CODE = YES;
				CLANG_WARN__DUPLICATE_METHOD_MATCH = YES;
				"CODE_SIGN_IDENTITY[sdk=iphoneos*]" = "iPhone Developer";
				COPY_PHASE_STRIP = NO;
				DEBUG_INFORMATION_FORMAT = "dwarf-with-dsym";
				ENABLE_NS_ASSERTIONS = NO;
				ENABLE_STRICT_OBJC_MSGSEND = YES;
				GCC_C_LANGUAGE_STANDARD = gnu99;
				GCC_NO_COMMON_BLOCKS = YES;
				GCC_WARN_64_TO_32_BIT_CONVERSION = YES;
				GCC_WARN_ABOUT_RETURN_TYPE = YES_ERROR;
				GCC_WARN_UNDECLARED_SELECTOR = YES;
				GCC_WARN_UNINITIALIZED_AUTOS = YES_AGGRESSIVE;
				GCC_WARN_UNUSED_FUNCTION = YES;
				GCC_WARN_UNUSED_VARIABLE = YES;
				IPHONEOS_DEPLOYMENT_TARGET = 8.0;
				MTL_ENABLE_DEBUG_INFO = NO;
				SDKROOT = iphoneos;
				VALIDATE_PRODUCT = YES;
			};
			name = Release;
		};
		9DA9AB231CB76B170069E15F /* Debug */ = {
			isa = XCBuildConfiguration;
			buildSettings = {
				ASSETCATALOG_COMPILER_APPICON_NAME = AppIcon;
				INFOPLIST_FILE = Emojify/Info.plist;
				LD_RUNPATH_SEARCH_PATHS = "$(inherited) @executable_path/Frameworks";
				PRODUCT_BUNDLE_IDENTIFIER = because.Emojify;
				PRODUCT_NAME = Emojify;
			};
			name = Debug;
		};
		9DA9AB241CB76B170069E15F /* Release */ = {
			isa = XCBuildConfiguration;
			buildSettings = {
				ASSETCATALOG_COMPILER_APPICON_NAME = AppIcon;
				INFOPLIST_FILE = Emojify/Info.plist;
				LD_RUNPATH_SEARCH_PATHS = "$(inherited) @executable_path/Frameworks";
				PRODUCT_BUNDLE_IDENTIFIER = because.Emojify;
				PRODUCT_NAME = Emojify;
			};
			name = Release;
		};
/* End XCBuildConfiguration section */

/* Begin XCConfigurationList section */
		9DA9AB0B1CB76B170069E15F /* Build configuration list for PBXProject "Emojify" */ = {
			isa = XCConfigurationList;
			buildConfigurations = (
				9DA9AB201CB76B170069E15F /* Debug */,
				9DA9AB211CB76B170069E15F /* Release */,
			);
			defaultConfigurationIsVisible = 0;
			defaultConfigurationName = Release;
		};
		9DA9AB221CB76B170069E15F /* Build configuration list for PBXNativeTarget "Emojify" */ = {
			isa = XCConfigurationList;
			buildConfigurations = (
				9DA9AB231CB76B170069E15F /* Debug */,
				9DA9AB241CB76B170069E15F /* Release */,
			);
			defaultConfigurationIsVisible = 0;
			defaultConfigurationName = Release;
		};
/* End XCConfigurationList section */
	};
	rootObject = 9DA9AB081CB76B170069E15F /* Project object */;
}
